
Microsoft Visual Studio Solution File, Format Version 12.00
# Visual Studio 15
VisualStudioVersion = 15.0.28307.438
MinimumVisualStudioVersion = 10.0.40219.1
Project("{FAE04EC0-301F-11D3-BF4B-00C04F79EFBC}") = "AmazonMVCv2", "AmazonMVCv2\AmazonMVCv2.csproj", "{03808060-80DB-421B-984E-60B788A70697}"
EndProject
Global
	GlobalSection(SolutionConfigurationPlatforms) = preSolution
		Debug|Any CPU = Debug|Any CPU
		Release|Any CPU = Release|Any CPU
	EndGlobalSection
	GlobalSection(ProjectConfigurationPlatforms) = postSolution
		{03808060-80DB-421B-984E-60B788A70697}.Debug|Any CPU.ActiveCfg = Debug|Any CPU
		{03808060-80DB-421B-984E-60B788A70697}.Debug|Any CPU.Build.0 = Debug|Any CPU
		{03808060-80DB-421B-984E-60B788A70697}.Release|Any CPU.ActiveCfg = Release|Any CPU
		{03808060-80DB-421B-984E-60B788A70697}.Release|Any CPU.Build.0 = Release|Any CPU
	EndGlobalSection
	GlobalSection(SolutionProperties) = preSolution
		HideSolutionNode = FALSE
	EndGlobalSection
	GlobalSection(ExtensibilityGlobals) = postSolution
		SolutionGuid = {6CF7189D-0C21-4A8B-89A6-C07275FB8E60}
	EndGlobalSection
EndGlobal
